
Microsoft Visual Studio Solution File, Format Version 12.00
# Visual Studio Version 16
VisualStudioVersion = 16.0.31112.23
MinimumVisualStudioVersion = 10.0.40219.1
Project("{FAE04EC0-301F-11D3-BF4B-00C04F79EFBC}") = "CoreThroughput", "CoreThroughput\CoreThroughput.csproj", "{92896B71-B4F0-4893-A163-1F73CA1E2C8B}"
EndProject
Global
	GlobalSection(SolutionConfigurationPlatforms) = preSolution
		Debug|Any CPU = Debug|Any CPU
		Release|Any CPU = Release|Any CPU
	EndGlobalSection
	GlobalSection(ProjectConfigurationPlatforms) = postSolution
		{92896B71-B4F0-4893-A163-1F73CA1E2C8B}.Debug|Any CPU.ActiveCfg = Debug|Any CPU
		{92896B71-B4F0-4893-A163-1F73CA1E2C8B}.Debug|Any CPU.Build.0 = Debug|Any CPU
		{92896B71-B4F0-4893-A163-1F73CA1E2C8B}.Release|Any CPU.ActiveCfg = Release|Any CPU
		{92896B71-B4F0-4893-A163-1F73CA1E2C8B}.Release|Any CPU.Build.0 = Release|Any CPU
	EndGlobalSection
	GlobalSection(SolutionProperties) = preSolution
		HideSolutionNode = FALSE
	EndGlobalSection
	GlobalSection(ExtensibilityGlobals) = postSolution
		SolutionGuid = {DCC6805F-78C0-4759-8963-483D67480D89}
	EndGlobalSection
EndGlobal
